<?xml version="1.0" encoding="utf-8"?>
<Project ToolsVersion="4.0" xmlns="http://schemas.microsoft.com/developer/msbuild/2003">
  <ItemGroup>
    <Filter Include="Source Files">
      <UniqueIdentifier>{4FC737F1-C7A5-4376-A066-2A32D752A2FF}</UniqueIdentifier>
      <Extensions>cpp;c;cc;cxx;def;odl;idl;hpj;bat;asm;asmx</Extensions>
    </Filter>
    <Filter Include="Header Files">
      <UniqueIdentifier>{93995380-89BD-4b04-88EB-625FBE52EBFB}</UniqueIdentifier>
      <Extensions>h;hh;hpp;hxx;hm;inl;inc;xsd</Extensions>
    </Filter>
    <Filter Include="Resource Files">
      <UniqueIdentifier>{67DA6AB6-F800-4c08-8B7A-83BB121AAD01}</UniqueIdentifier>
      <Extensions>rc;ico;cur;bmp;dlg;rc2;rct;bin;rgs;gif;jpg;jpeg;jpe;resx;tiff;tif;png;wav;mfcribbon-ms</Extensions>
    </Filter>
  </ItemGroup>
  <ItemGroup>
    <ClCompile Include="..\SourceFiles\Client.cpp">
      <Filter>Source Files</Filter>
    </ClCompile>
    <ClCompile Include="..\SourceFiles\ClientPremium.cpp">
      <Filter>Source Files</Filter>
    </ClCompile>
    <ClCompile Include="..\SourceFiles\Fournisseur.cpp">
      <Filter>Source Files</Filter>
    </ClCompile>
    <ClCompile Include="..\SourceFiles\Gestionnaire.cpp">
      <Filter>Source Files</Filter>
    </ClCompile>
    <ClCompile Include="..\SourceFiles\GestionnaireProduits.cpp">
      <Filter>Source Files</Filter>
    </ClCompile>
    <ClCompile Include="..\SourceFiles\GestionnaireUsagers.cpp">
      <Filter>Source Files</Filter>
    </ClCompile>
    <ClCompile Include="..\SourceFiles\main.cpp">
      <Filter>Source Files</Filter>
    </ClCompile>
    <ClCompile Include="..\SourceFiles\Produit.cpp">
      <Filter>Source Files</Filter>
    </ClCompile>
    <ClCompile Include="..\SourceFiles\ProduitAuxEncheres.cpp">
      <Filter>Source Files</Filter>
    </ClCompile>
    <ClCompile Include="..\SourceFiles\ProduitSolde.cpp">
      <Filter>Source Files</Filter>
    </ClCompile>
    <ClCompile Include="..\SourceFiles\Solde.cpp">
      <Filter>Source Files</Filter>
    </ClCompile>
    <ClCompile Include="..\SourceFiles\Usager.cpp">
      <Filter>Source Files</Filter>
    </ClCompile>
  </ItemGroup>
  <ItemGroup>
    <ClInclude Include="..\HeaderFiles\Client.h">
      <Filter>Header Files</Filter>
    </ClInclude>
    <ClInclude Include="..\HeaderFiles\ClientPremium.h">
      <Filter>Header Files</Filter>
    </ClInclude>
    <ClInclude Include="..\HeaderFiles\Fournisseur.h">
      <Filter>Header Files</Filter>
    </ClInclude>
    <ClInclude Include="..\HeaderFiles\Gestionnaire.h">
      <Filter>Header Files</Filter>
    </ClInclude>
    <ClInclude Include="..\HeaderFiles\GestionnaireGenerique.h">
      <Filter>Header Files</Filter>
    </ClInclude>
    <ClInclude Include="..\HeaderFiles\GestionnaireProduits.h">
      <Filter>Header Files</Filter>
    </ClInclude>
    <ClInclude Include="..\HeaderFiles\GestionnaireUsagers.h">
      <Filter>Header Files</Filter>
    </ClInclude>
    <ClInclude Include="..\HeaderFiles\Produit.h">
      <Filter>Header Files</Filter>
    </ClInclude>
    <ClInclude Include="..\HeaderFiles\ProduitAuxEncheres.h">
      <Filter>Header Files</Filter>
    </ClInclude>
    <ClInclude Include="..\HeaderFiles\ProduitSolde.h">
      <Filter>Header Files</Filter>
    </ClInclude>
    <ClInclude Include="..\HeaderFiles\Solde.h">
      <Filter>Header Files</Filter>
    </ClInclude>
    <ClInclude Include="..\HeaderFiles\Usager.h">
      <Filter>Header Files</Filter>
    </ClInclude>
    <ClInclude Include="..\HeaderFiles\Foncteur.h">
      <Filter>Header Files</Filter>
    </ClInclude>
  </ItemGroup>
</Project>